
Microsoft Visual Studio Solution File, Format Version 12.00
# Visual Studio Version 17
VisualStudioVersion = 17.14.36401.2 d17.14
MinimumVisualStudioVersion = 10.0.40219.1
Project("{FAE04EC0-301F-11D3-BF4B-00C04F79EFBC}") = "SImpleWebAPITestProject1", "SImpleWebAPITestProject1\SImpleWebAPITestProject1.csproj", "{BA44A643-98F3-417E-ABA3-BC99C08EEFE0}"
EndProject
Global
	GlobalSection(SolutionConfigurationPlatforms) = preSolution
		Debug|Any CPU = Debug|Any CPU
		Release|Any CPU = Release|Any CPU
	EndGlobalSection
	GlobalSection(ProjectConfigurationPlatforms) = postSolution
		{BA44A643-98F3-417E-ABA3-BC99C08EEFE0}.Debug|Any CPU.ActiveCfg = Debug|Any CPU
		{BA44A643-98F3-417E-ABA3-BC99C08EEFE0}.Debug|Any CPU.Build.0 = Debug|Any CPU
		{BA44A643-98F3-417E-ABA3-BC99C08EEFE0}.Release|Any CPU.ActiveCfg = Release|Any CPU
		{BA44A643-98F3-417E-ABA3-BC99C08EEFE0}.Release|Any CPU.Build.0 = Release|Any CPU
	EndGlobalSection
	GlobalSection(SolutionProperties) = preSolution
		HideSolutionNode = FALSE
	EndGlobalSection
	GlobalSection(ExtensibilityGlobals) = postSolution
		SolutionGuid = {BABE1B26-C1A2-424C-9DB1-0791B71A7428}
	EndGlobalSection
EndGlobal
